
Microsoft Visual Studio Solution File, Format Version 12.00
# Visual Studio Version 16
VisualStudioVersion = 16.0.32228.343
MinimumVisualStudioVersion = 10.0.40219.1
Project("{2150E333-8FDC-42A3-9474-1A3956D46DE8}") = "src", "src", "{6E21C6B2-EE68-4F3D-87DF-19B6246240C3}"
EndProject
Project("{2150E333-8FDC-42A3-9474-1A3956D46DE8}") = "Building Blocks", "Building Blocks", "{B3679A64-34DB-49CE-AC84-B8E7A2409DEA}"
EndProject
Project("{2150E333-8FDC-42A3-9474-1A3956D46DE8}") = "Web", "Web", "{E208865A-78F7-4F20-BCD0-C9B8D1269D98}"
EndProject
Project("{2150E333-8FDC-42A3-9474-1A3956D46DE8}") = "Services", "Services", "{FD0F7709-AF4A-4959-9DBD-4AB65032CD4B}"
EndProject
Project("{2150E333-8FDC-42A3-9474-1A3956D46DE8}") = "Identidade", "Identidade", "{34DC0294-AE28-4524-BE2C-0D3E7471752B}"
EndProject
Project("{2150E333-8FDC-42A3-9474-1A3956D46DE8}") = "MVC", "MVC", "{DFF60385-60D5-4BB9-B717-D0156BB61F1F}"
EndProject
Project("{FAE04EC0-301F-11D3-BF4B-00C04F79EFBC}") = "NSE.WebApp.MVC", "src\web\NSE.WebApp.MVC\NSE.WebApp.MVC.csproj", "{DBDAE6BB-B0FA-415B-B430-AB50CD467CB3}"
EndProject
Project("{FAE04EC0-301F-11D3-BF4B-00C04F79EFBC}") = "NSE.Identidade.API", "src\services\NSE.Identidade.API\NSE.Identidade.API.csproj", "{6D0DB22F-448B-4860-8D08-221CB9FB0087}"
EndProject
Project("{2150E333-8FDC-42A3-9474-1A3956D46DE8}") = "Core", "Core", "{A180DEAB-492B-47DD-AC76-64ADD12B245D}"
EndProject
Project("{FAE04EC0-301F-11D3-BF4B-00C04F79EFBC}") = "NSE.Core", "src\building blocks\NSE.Core\NSE.Core.csproj", "{6A946473-E51B-4514-8000-D331F41F5C03}"
EndProject
Project("{2150E333-8FDC-42A3-9474-1A3956D46DE8}") = "Carrinho", "Carrinho", "{99461250-79FE-4753-8CDF-0A4823747895}"
EndProject
Project("{FAE04EC0-301F-11D3-BF4B-00C04F79EFBC}") = "NSE.Carrinho.API", "src\services\NSE.Carrinho.API\NSE.Carrinho.API.csproj", "{51DC3055-FC69-4B7E-B9C8-DF705F92DDB6}"
EndProject
Project("{2150E333-8FDC-42A3-9474-1A3956D46DE8}") = "Catalogo", "Catalogo", "{C49A2556-AF9F-4C58-8742-4BD6CF864944}"
EndProject
Project("{FAE04EC0-301F-11D3-BF4B-00C04F79EFBC}") = "NSE.Catalogo.API", "src\services\NSE.Catalogo.API\NSE.Catalogo.API.csproj", "{AC5A08E4-FD1B-4759-AF9D-A00BD9A59AF4}"
EndProject
Project("{2150E333-8FDC-42A3-9474-1A3956D46DE8}") = "Cliente", "Cliente", "{70461EC2-0E2C-4A12-AF5C-A2D16931F032}"
EndProject
Project("{FAE04EC0-301F-11D3-BF4B-00C04F79EFBC}") = "NSE.Cliente.API", "src\services\NSE.Cliente.API\NSE.Cliente.API.csproj", "{FBAAA7E4-35A5-4CF9-AA8A-03C00072F01F}"
EndProject
Project("{2150E333-8FDC-42A3-9474-1A3956D46DE8}") = "Pagamento", "Pagamento", "{97C96762-C098-4E01-9CBE-387A6E7DCFC9}"
EndProject
Project("{FAE04EC0-301F-11D3-BF4B-00C04F79EFBC}") = "NSE.Pagamento.API", "src\services\NSE.Pagamento.API\NSE.Pagamento.API.csproj", "{D942170B-3A17-48FD-803D-DFFC5602C891}"
EndProject
Project("{2150E333-8FDC-42A3-9474-1A3956D46DE8}") = "Pedido", "Pedido", "{D2FC8B27-D264-4C4B-9CB6-C0D0878D3165}"
EndProject
Project("{FAE04EC0-301F-11D3-BF4B-00C04F79EFBC}") = "NSE.Pedido.API", "src\services\NSE.Pedido.API\NSE.Pedido.API.csproj", "{BBC01CE3-8362-4567-9D08-DABDE7AFD51B}"
EndProject
Global
	GlobalSection(SolutionConfigurationPlatforms) = preSolution
		Debug|Any CPU = Debug|Any CPU
		Release|Any CPU = Release|Any CPU
	EndGlobalSection
	GlobalSection(ProjectConfigurationPlatforms) = postSolution
		{DBDAE6BB-B0FA-415B-B430-AB50CD467CB3}.Debug|Any CPU.ActiveCfg = Debug|Any CPU
		{DBDAE6BB-B0FA-415B-B430-AB50CD467CB3}.Debug|Any CPU.Build.0 = Debug|Any CPU
		{DBDAE6BB-B0FA-415B-B430-AB50CD467CB3}.Release|Any CPU.ActiveCfg = Release|Any CPU
		{DBDAE6BB-B0FA-415B-B430-AB50CD467CB3}.Release|Any CPU.Build.0 = Release|Any CPU
		{6D0DB22F-448B-4860-8D08-221CB9FB0087}.Debug|Any CPU.ActiveCfg = Debug|Any CPU
		{6D0DB22F-448B-4860-8D08-221CB9FB0087}.Debug|Any CPU.Build.0 = Debug|Any CPU
		{6D0DB22F-448B-4860-8D08-221CB9FB0087}.Release|Any CPU.ActiveCfg = Release|Any CPU
		{6D0DB22F-448B-4860-8D08-221CB9FB0087}.Release|Any CPU.Build.0 = Release|Any CPU
		{6A946473-E51B-4514-8000-D331F41F5C03}.Debug|Any CPU.ActiveCfg = Debug|Any CPU
		{6A946473-E51B-4514-8000-D331F41F5C03}.Debug|Any CPU.Build.0 = Debug|Any CPU
		{6A946473-E51B-4514-8000-D331F41F5C03}.Release|Any CPU.ActiveCfg = Release|Any CPU
		{6A946473-E51B-4514-8000-D331F41F5C03}.Release|Any CPU.Build.0 = Release|Any CPU
		{51DC3055-FC69-4B7E-B9C8-DF705F92DDB6}.Debug|Any CPU.ActiveCfg = Debug|Any CPU
		{51DC3055-FC69-4B7E-B9C8-DF705F92DDB6}.Debug|Any CPU.Build.0 = Debug|Any CPU
		{51DC3055-FC69-4B7E-B9C8-DF705F92DDB6}.Release|Any CPU.ActiveCfg = Release|Any CPU
		{51DC3055-FC69-4B7E-B9C8-DF705F92DDB6}.Release|Any CPU.Build.0 = Release|Any CPU
		{AC5A08E4-FD1B-4759-AF9D-A00BD9A59AF4}.Debug|Any CPU.ActiveCfg = Debug|Any CPU
		{AC5A08E4-FD1B-4759-AF9D-A00BD9A59AF4}.Debug|Any CPU.Build.0 = Debug|Any CPU
		{AC5A08E4-FD1B-4759-AF9D-A00BD9A59AF4}.Release|Any CPU.ActiveCfg = Release|Any CPU
		{AC5A08E4-FD1B-4759-AF9D-A00BD9A59AF4}.Release|Any CPU.Build.0 = Release|Any CPU
		{FBAAA7E4-35A5-4CF9-AA8A-03C00072F01F}.Debug|Any CPU.ActiveCfg = Debug|Any CPU
		{FBAAA7E4-35A5-4CF9-AA8A-03C00072F01F}.Debug|Any CPU.Build.0 = Debug|Any CPU
		{FBAAA7E4-35A5-4CF9-AA8A-03C00072F01F}.Release|Any CPU.ActiveCfg = Release|Any CPU
		{FBAAA7E4-35A5-4CF9-AA8A-03C00072F01F}.Release|Any CPU.Build.0 = Release|Any CPU
		{D942170B-3A17-48FD-803D-DFFC5602C891}.Debug|Any CPU.ActiveCfg = Debug|Any CPU
		{D942170B-3A17-48FD-803D-DFFC5602C891}.Debug|Any CPU.Build.0 = Debug|Any CPU
		{D942170B-3A17-48FD-803D-DFFC5602C891}.Release|Any CPU.ActiveCfg = Release|Any CPU
		{D942170B-3A17-48FD-803D-DFFC5602C891}.Release|Any CPU.Build.0 = Release|Any CPU
		{BBC01CE3-8362-4567-9D08-DABDE7AFD51B}.Debug|Any CPU.ActiveCfg = Debug|Any CPU
		{BBC01CE3-8362-4567-9D08-DABDE7AFD51B}.Debug|Any CPU.Build.0 = Debug|Any CPU
		{BBC01CE3-8362-4567-9D08-DABDE7AFD51B}.Release|Any CPU.ActiveCfg = Release|Any CPU
		{BBC01CE3-8362-4567-9D08-DABDE7AFD51B}.Release|Any CPU.Build.0 = Release|Any CPU
	EndGlobalSection
	GlobalSection(SolutionProperties) = preSolution
		HideSolutionNode = FALSE
	EndGlobalSection
	GlobalSection(NestedProjects) = preSolution
		{B3679A64-34DB-49CE-AC84-B8E7A2409DEA} = {6E21C6B2-EE68-4F3D-87DF-19B6246240C3}
		{E208865A-78F7-4F20-BCD0-C9B8D1269D98} = {6E21C6B2-EE68-4F3D-87DF-19B6246240C3}
		{FD0F7709-AF4A-4959-9DBD-4AB65032CD4B} = {6E21C6B2-EE68-4F3D-87DF-19B6246240C3}
		{34DC0294-AE28-4524-BE2C-0D3E7471752B} = {FD0F7709-AF4A-4959-9DBD-4AB65032CD4B}
		{DFF60385-60D5-4BB9-B717-D0156BB61F1F} = {E208865A-78F7-4F20-BCD0-C9B8D1269D98}
		{DBDAE6BB-B0FA-415B-B430-AB50CD467CB3} = {DFF60385-60D5-4BB9-B717-D0156BB61F1F}
		{6D0DB22F-448B-4860-8D08-221CB9FB0087} = {34DC0294-AE28-4524-BE2C-0D3E7471752B}
		{A180DEAB-492B-47DD-AC76-64ADD12B245D} = {B3679A64-34DB-49CE-AC84-B8E7A2409DEA}
		{6A946473-E51B-4514-8000-D331F41F5C03} = {A180DEAB-492B-47DD-AC76-64ADD12B245D}
		{99461250-79FE-4753-8CDF-0A4823747895} = {FD0F7709-AF4A-4959-9DBD-4AB65032CD4B}
		{51DC3055-FC69-4B7E-B9C8-DF705F92DDB6} = {99461250-79FE-4753-8CDF-0A4823747895}
		{C49A2556-AF9F-4C58-8742-4BD6CF864944} = {FD0F7709-AF4A-4959-9DBD-4AB65032CD4B}
		{AC5A08E4-FD1B-4759-AF9D-A00BD9A59AF4} = {C49A2556-AF9F-4C58-8742-4BD6CF864944}
		{70461EC2-0E2C-4A12-AF5C-A2D16931F032} = {FD0F7709-AF4A-4959-9DBD-4AB65032CD4B}
		{FBAAA7E4-35A5-4CF9-AA8A-03C00072F01F} = {70461EC2-0E2C-4A12-AF5C-A2D16931F032}
		{97C96762-C098-4E01-9CBE-387A6E7DCFC9} = {FD0F7709-AF4A-4959-9DBD-4AB65032CD4B}
		{D942170B-3A17-48FD-803D-DFFC5602C891} = {97C96762-C098-4E01-9CBE-387A6E7DCFC9}
		{D2FC8B27-D264-4C4B-9CB6-C0D0878D3165} = {FD0F7709-AF4A-4959-9DBD-4AB65032CD4B}
		{BBC01CE3-8362-4567-9D08-DABDE7AFD51B} = {D2FC8B27-D264-4C4B-9CB6-C0D0878D3165}
	EndGlobalSection
	GlobalSection(ExtensibilityGlobals) = postSolution
		SolutionGuid = {F082269B-D9C4-46DA-9EDD-35561564F7D9}
	EndGlobalSection
EndGlobal
